// !$*UTF8*$!
{
	archiveVersion = 1;
	classes = {
	};
	objectVersion = 51;
	objects = {

/* Begin PBXBuildFile section */
		0EC0423E2325834400506F14 /* Headers.swift in Sources */ = {isa = PBXBuildFile; fileRef = 0EC0423D2325834400506F14 /* Headers.swift */; };
		0EC042412325905800506F14 /* FeedViewController.swift in Sources */ = {isa = PBXBuildFile; fileRef = 0EC0423F2325905800506F14 /* FeedViewController.swift */; };
		0EC042422325905800506F14 /* FeedViewController.xib in Resources */ = {isa = PBXBuildFile; fileRef = 0EC042402325905800506F14 /* FeedViewController.xib */; };
		0EC042452325938100506F14 /* RecipeTableViewCell.swift in Sources */ = {isa = PBXBuildFile; fileRef = 0EC042432325938100506F14 /* RecipeTableViewCell.swift */; };
		0EC042462325938100506F14 /* RecipeTableViewCell.xib in Resources */ = {isa = PBXBuildFile; fileRef = 0EC042442325938100506F14 /* RecipeTableViewCell.xib */; };
		4C2D0FC3232C099600189CBF /* chrono.png in Resources */ = {isa = PBXBuildFile; fileRef = 4C2D0FC2232C099600189CBF /* chrono.png */; };
		4C2D0FC5232C099C00189CBF /* listerecettes.png in Resources */ = {isa = PBXBuildFile; fileRef = 4C2D0FC4232C099C00189CBF /* listerecettes.png */; };
		4C2D0FC7232C09A400189CBF /* recettes.png in Resources */ = {isa = PBXBuildFile; fileRef = 4C2D0FC6232C09A400189CBF /* recettes.png */; };
		4C2D0FCB232C0D9A00189CBF /* bg.png in Resources */ = {isa = PBXBuildFile; fileRef = 4C2D0FCA232C0D9A00189CBF /* bg.png */; };
		4C620F0523238D65002A4588 /* AppDelegate.swift in Sources */ = {isa = PBXBuildFile; fileRef = 4C620F0423238D65002A4588 /* AppDelegate.swift */; };
		4C620F0C23238D70002A4588 /* Assets.xcassets in Resources */ = {isa = PBXBuildFile; fileRef = 4C620F0B23238D70002A4588 /* Assets.xcassets */; };
		4C620F0F23238D70002A4588 /* LaunchScreen.storyboard in Resources */ = {isa = PBXBuildFile; fileRef = 4C620F0D23238D70002A4588 /* LaunchScreen.storyboard */; };
		4C620F1823238DA0002A4588 /* HomeViewController.swift in Sources */ = {isa = PBXBuildFile; fileRef = 4C620F1623238DA0002A4588 /* HomeViewController.swift */; };
		4C620F1923238DA0002A4588 /* HomeViewController.xib in Resources */ = {isa = PBXBuildFile; fileRef = 4C620F1723238DA0002A4588 /* HomeViewController.xib */; };
		4C620F1C23238F59002A4588 /* Localizable.strings in Resources */ = {isa = PBXBuildFile; fileRef = 4C620F1E23238F59002A4588 /* Localizable.strings */; };
		4C620F2C232391BB002A4588 /* SecondViewController.swift in Sources */ = {isa = PBXBuildFile; fileRef = 4C620F2A232391BB002A4588 /* SecondViewController.swift */; };
		4C620F2D232391BB002A4588 /* SecondViewController.xib in Resources */ = {isa = PBXBuildFile; fileRef = 4C620F2B232391BB002A4588 /* SecondViewController.xib */; };
		4C620F30232391E3002A4588 /* ThirdViewController.swift in Sources */ = {isa = PBXBuildFile; fileRef = 4C620F2E232391E3002A4588 /* ThirdViewController.swift */; };
		4C620F31232391E3002A4588 /* ThirdViewController.xib in Resources */ = {isa = PBXBuildFile; fileRef = 4C620F2F232391E3002A4588 /* ThirdViewController.xib */; };
		4C620F342323920B002A4588 /* FourthViewController.swift in Sources */ = {isa = PBXBuildFile; fileRef = 4C620F322323920B002A4588 /* FourthViewController.swift */; };
		4C620F352323920B002A4588 /* FourthViewController.xib in Resources */ = {isa = PBXBuildFile; fileRef = 4C620F332323920B002A4588 /* FourthViewController.xib */; };
		E5658C1E571CE29F91C99198 /* Pods_ProjetMiseNiveauIOS.framework in Frameworks */ = {isa = PBXBuildFile; fileRef = C3D8EFB5EE66DE55B1D60250 /* Pods_ProjetMiseNiveauIOS.framework */; };
/* End PBXBuildFile section */

/* Begin PBXFileReference section */
		03DD186F775B33CEB920918A /* Pods-ProjetMiseNiveauIOS.debug.xcconfig */ = {isa = PBXFileReference; includeInIndex = 1; lastKnownFileType = text.xcconfig; name = "Pods-ProjetMiseNiveauIOS.debug.xcconfig"; path = "Target Support Files/Pods-ProjetMiseNiveauIOS/Pods-ProjetMiseNiveauIOS.debug.xcconfig"; sourceTree = "<group>"; };
		0EC0423D2325834400506F14 /* Headers.swift */ = {isa = PBXFileReference; lastKnownFileType = sourcecode.swift; path = Headers.swift; sourceTree = "<group>"; };
		0EC0423F2325905800506F14 /* FeedViewController.swift */ = {isa = PBXFileReference; lastKnownFileType = sourcecode.swift; path = FeedViewController.swift; sourceTree = "<group>"; };
		0EC042402325905800506F14 /* FeedViewController.xib */ = {isa = PBXFileReference; lastKnownFileType = file.xib; path = FeedViewController.xib; sourceTree = "<group>"; };
		0EC042432325938100506F14 /* RecipeTableViewCell.swift */ = {isa = PBXFileReference; lastKnownFileType = sourcecode.swift; path = RecipeTableViewCell.swift; sourceTree = "<group>"; };
		0EC042442325938100506F14 /* RecipeTableViewCell.xib */ = {isa = PBXFileReference; lastKnownFileType = file.xib; path = RecipeTableViewCell.xib; sourceTree = "<group>"; };
		4C2D0FC2232C099600189CBF /* chrono.png */ = {isa = PBXFileReference; lastKnownFileType = image.png; path = chrono.png; sourceTree = "<group>"; };
		4C2D0FC4232C099C00189CBF /* listerecettes.png */ = {isa = PBXFileReference; lastKnownFileType = image.png; path = listerecettes.png; sourceTree = "<group>"; };
		4C2D0FC6232C09A400189CBF /* recettes.png */ = {isa = PBXFileReference; lastKnownFileType = image.png; path = recettes.png; sourceTree = "<group>"; };
		4C2D0FCA232C0D9A00189CBF /* bg.png */ = {isa = PBXFileReference; lastKnownFileType = image.png; path = bg.png; sourceTree = "<group>"; };
		4C620F0123238D65002A4588 /* ProjetMiseNiveauIOS.app */ = {isa = PBXFileReference; explicitFileType = wrapper.application; includeInIndex = 0; path = ProjetMiseNiveauIOS.app; sourceTree = BUILT_PRODUCTS_DIR; };
		4C620F0423238D65002A4588 /* AppDelegate.swift */ = {isa = PBXFileReference; lastKnownFileType = sourcecode.swift; path = AppDelegate.swift; sourceTree = "<group>"; };
		4C620F0B23238D70002A4588 /* Assets.xcassets */ = {isa = PBXFileReference; lastKnownFileType = folder.assetcatalog; path = Assets.xcassets; sourceTree = "<group>"; };
		4C620F0E23238D70002A4588 /* Base */ = {isa = PBXFileReference; lastKnownFileType = file.storyboard; name = Base; path = Base.lproj/LaunchScreen.storyboard; sourceTree = "<group>"; };
		4C620F1023238D70002A4588 /* Info.plist */ = {isa = PBXFileReference; lastKnownFileType = text.plist.xml; path = Info.plist; sourceTree = "<group>"; };
		4C620F1623238DA0002A4588 /* HomeViewController.swift */ = {isa = PBXFileReference; lastKnownFileType = sourcecode.swift; path = HomeViewController.swift; sourceTree = "<group>"; };
		4C620F1723238DA0002A4588 /* HomeViewController.xib */ = {isa = PBXFileReference; lastKnownFileType = file.xib; path = HomeViewController.xib; sourceTree = "<group>"; };
		4C620F1D23238F59002A4588 /* en */ = {isa = PBXFileReference; lastKnownFileType = text.plist.strings; name = en; path = en.lproj/Localizable.strings; sourceTree = "<group>"; };
		4C620F1F23238F75002A4588 /* fr */ = {isa = PBXFileReference; lastKnownFileType = text.plist.strings; name = fr; path = fr.lproj/LaunchScreen.strings; sourceTree = "<group>"; };
		4C620F2023238F75002A4588 /* fr */ = {isa = PBXFileReference; lastKnownFileType = text.plist.strings; name = fr; path = fr.lproj/Localizable.strings; sourceTree = "<group>"; };
		4C620F2A232391BB002A4588 /* SecondViewController.swift */ = {isa = PBXFileReference; lastKnownFileType = sourcecode.swift; path = SecondViewController.swift; sourceTree = "<group>"; };
		4C620F2B232391BB002A4588 /* SecondViewController.xib */ = {isa = PBXFileReference; lastKnownFileType = file.xib; path = SecondViewController.xib; sourceTree = "<group>"; };
		4C620F2E232391E3002A4588 /* ThirdViewController.swift */ = {isa = PBXFileReference; lastKnownFileType = sourcecode.swift; path = ThirdViewController.swift; sourceTree = "<group>"; };
		4C620F2F232391E3002A4588 /* ThirdViewController.xib */ = {isa = PBXFileReference; lastKnownFileType = file.xib; path = ThirdViewController.xib; sourceTree = "<group>"; };
		4C620F322323920B002A4588 /* FourthViewController.swift */ = {isa = PBXFileReference; lastKnownFileType = sourcecode.swift; path = FourthViewController.swift; sourceTree = "<group>"; };
		4C620F332323920B002A4588 /* FourthViewController.xib */ = {isa = PBXFileReference; lastKnownFileType = file.xib; path = FourthViewController.xib; sourceTree = "<group>"; };
		8A9D887AED597F7E44DE8021 /* Pods-ProjetMiseNiveauIOS.release.xcconfig */ = {isa = PBXFileReference; includeInIndex = 1; lastKnownFileType = text.xcconfig; name = "Pods-ProjetMiseNiveauIOS.release.xcconfig"; path = "Target Support Files/Pods-ProjetMiseNiveauIOS/Pods-ProjetMiseNiveauIOS.release.xcconfig"; sourceTree = "<group>"; };
		C3D8EFB5EE66DE55B1D60250 /* Pods_ProjetMiseNiveauIOS.framework */ = {isa = PBXFileReference; explicitFileType = wrapper.framework; includeInIndex = 0; path = Pods_ProjetMiseNiveauIOS.framework; sourceTree = BUILT_PRODUCTS_DIR; };
/* End PBXFileReference section */

/* Begin PBXFrameworksBuildPhase section */
		4C620EFE23238D65002A4588 /* Frameworks */ = {
			isa = PBXFrameworksBuildPhase;
			buildActionMask = 2147483647;
			files = (
				E5658C1E571CE29F91C99198 /* Pods_ProjetMiseNiveauIOS.framework in Frameworks */,
			);
			runOnlyForDeploymentPostprocessing = 0;
		};
/* End PBXFrameworksBuildPhase section */

/* Begin PBXGroup section */
		0EC04238232582D500506F14 /* API */ = {
			isa = PBXGroup;
			children = (
				0EC0423D2325834400506F14 /* Headers.swift */,
			);
			path = API;
			sourceTree = "<group>";
		};
		0EC042472325A72200506F14 /* Image */ = {
			isa = PBXGroup;
			children = (
				4C2D0FC6232C09A400189CBF /* recettes.png */,
				4C2D0FC4232C099C00189CBF /* listerecettes.png */,
				4C2D0FCA232C0D9A00189CBF /* bg.png */,
				4C2D0FC2232C099600189CBF /* chrono.png */,
			);
			path = Image;
			sourceTree = "<group>";
		};
		2033BA8A82295BF719E4B97D /* Pods */ = {
			isa = PBXGroup;
			children = (
				03DD186F775B33CEB920918A /* Pods-ProjetMiseNiveauIOS.debug.xcconfig */,
				8A9D887AED597F7E44DE8021 /* Pods-ProjetMiseNiveauIOS.release.xcconfig */,
			);
			path = Pods;
			sourceTree = "<group>";
		};
		4C620EF823238D65002A4588 = {
			isa = PBXGroup;
			children = (
				4C620F0323238D65002A4588 /* ProjetMiseNiveauIOS */,
				4C620F0223238D65002A4588 /* Products */,
				2033BA8A82295BF719E4B97D /* Pods */,
				772AC2BEE4ABAB04E02F9CB8 /* Frameworks */,
			);
			sourceTree = "<group>";
		};
		4C620F0223238D65002A4588 /* Products */ = {
			isa = PBXGroup;
			children = (
				4C620F0123238D65002A4588 /* ProjetMiseNiveauIOS.app */,
			);
			name = Products;
			sourceTree = "<group>";
		};
		4C620F0323238D65002A4588 /* ProjetMiseNiveauIOS */ = {
			isa = PBXGroup;
			children = (
				0EC042472325A72200506F14 /* Image */,
				0EC04238232582D500506F14 /* API */,
				4C620F2523239109002A4588 /* Model */,
				4C620F24232390BF002A4588 /* View */,
				4C620F2323239076002A4588 /* Controller */,
				4C620F2223238FB2002A4588 /* Images */,
				4C620F1E23238F59002A4588 /* Localizable.strings */,
				4C620F1023238D70002A4588 /* Info.plist */,
			);
			path = ProjetMiseNiveauIOS;
			sourceTree = "<group>";
		};
		4C620F2223238FB2002A4588 /* Images */ = {
			isa = PBXGroup;
			children = (
				4C620F0B23238D70002A4588 /* Assets.xcassets */,
			);
			path = Images;
			sourceTree = "<group>";
		};
		4C620F2323239076002A4588 /* Controller */ = {
			isa = PBXGroup;
			children = (
				4C620F0423238D65002A4588 /* AppDelegate.swift */,
				4C620F1623238DA0002A4588 /* HomeViewController.swift */,
				0EC0423F2325905800506F14 /* FeedViewController.swift */,
				4C620F2A232391BB002A4588 /* SecondViewController.swift */,
				4C620F2E232391E3002A4588 /* ThirdViewController.swift */,
				4C620F322323920B002A4588 /* FourthViewController.swift */,
				0EC042432325938100506F14 /* RecipeTableViewCell.swift */,
			);
			path = Controller;
			sourceTree = "<group>";
		};
		4C620F24232390BF002A4588 /* View */ = {
			isa = PBXGroup;
			children = (
				4C620F0D23238D70002A4588 /* LaunchScreen.storyboard */,
				4C620F1723238DA0002A4588 /* HomeViewController.xib */,
				0EC042402325905800506F14 /* FeedViewController.xib */,
				4C620F2B232391BB002A4588 /* SecondViewController.xib */,
				4C620F2F232391E3002A4588 /* ThirdViewController.xib */,
				4C620F332323920B002A4588 /* FourthViewController.xib */,
				0EC042442325938100506F14 /* RecipeTableViewCell.xib */,
			);
			path = View;
			sourceTree = "<group>";
		};
		4C620F2523239109002A4588 /* Model */ = {
			isa = PBXGroup;
			children = (
			);
			path = Model;
			sourceTree = "<group>";
		};
		772AC2BEE4ABAB04E02F9CB8 /* Frameworks */ = {
			isa = PBXGroup;
			children = (
				C3D8EFB5EE66DE55B1D60250 /* Pods_ProjetMiseNiveauIOS.framework */,
			);
			name = Frameworks;
			sourceTree = "<group>";
		};
/* End PBXGroup section */

/* Begin PBXNativeTarget section */
		4C620F0023238D65002A4588 /* ProjetMiseNiveauIOS */ = {
			isa = PBXNativeTarget;
			buildConfigurationList = 4C620F1323238D70002A4588 /* Build configuration list for PBXNativeTarget "ProjetMiseNiveauIOS" */;
			buildPhases = (
				729528BF7BA565EC3603E6B6 /* [CP] Check Pods Manifest.lock */,
				4C620EFD23238D65002A4588 /* Sources */,
				4C620EFE23238D65002A4588 /* Frameworks */,
				4C620EFF23238D65002A4588 /* Resources */,
				3A5DD1B54DAA31C20112A376 /* [CP] Embed Pods Frameworks */,
			);
			buildRules = (
			);
			dependencies = (
			);
			name = ProjetMiseNiveauIOS;
			productName = ProjetMiseNiveauIOS;
			productReference = 4C620F0123238D65002A4588 /* ProjetMiseNiveauIOS.app */;
			productType = "com.apple.product-type.application";
		};
/* End PBXNativeTarget section */

/* Begin PBXProject section */
		4C620EF923238D65002A4588 /* Project object */ = {
			isa = PBXProject;
			attributes = {
				LastSwiftUpdateCheck = 1030;
				LastUpgradeCheck = 1030;
				ORGANIZATIONNAME = "Elisa Gougerot";
				TargetAttributes = {
					4C620F0023238D65002A4588 = {
						CreatedOnToolsVersion = 10.3;
					};
				};
			};
			buildConfigurationList = 4C620EFC23238D65002A4588 /* Build configuration list for PBXProject "ProjetMiseNiveauIOS" */;
			compatibilityVersion = "Xcode 9.3";
			developmentRegion = en;
			hasScannedForEncodings = 0;
			knownRegions = (
				en,
				Base,
				fr,
			);
			mainGroup = 4C620EF823238D65002A4588;
			productRefGroup = 4C620F0223238D65002A4588 /* Products */;
			projectDirPath = "";
			projectRoot = "";
			targets = (
				4C620F0023238D65002A4588 /* ProjetMiseNiveauIOS */,
			);
		};
/* End PBXProject section */

/* Begin PBXResourcesBuildPhase section */
		4C620EFF23238D65002A4588 /* Resources */ = {
			isa = PBXResourcesBuildPhase;
			buildActionMask = 2147483647;
			files = (
				4C2D0FCB232C0D9A00189CBF /* bg.png in Resources */,
				4C620F352323920B002A4588 /* FourthViewController.xib in Resources */,
				4C2D0FC5232C099C00189CBF /* listerecettes.png in Resources */,
				4C620F31232391E3002A4588 /* ThirdViewController.xib in Resources */,
				0EC042422325905800506F14 /* FeedViewController.xib in Resources */,
				4C620F0F23238D70002A4588 /* LaunchScreen.storyboard in Resources */,
				4C2D0FC3232C099600189CBF /* chrono.png in Resources */,
				4C620F2D232391BB002A4588 /* SecondViewController.xib in Resources */,
				4C620F1C23238F59002A4588 /* Localizable.strings in Resources */,
				4C620F0C23238D70002A4588 /* Assets.xcassets in Resources */,
				4C620F1923238DA0002A4588 /* HomeViewController.xib in Resources */,
				4C2D0FC7232C09A400189CBF /* recettes.png in Resources */,
				0EC042462325938100506F14 /* RecipeTableViewCell.xib in Resources */,
			);
			runOnlyForDeploymentPostprocessing = 0;
		};
/* End PBXResourcesBuildPhase section */

/* Begin PBXShellScriptBuildPhase section */
		3A5DD1B54DAA31C20112A376 /* [CP] Embed Pods Frameworks */ = {
			isa = PBXShellScriptBuildPhase;
			buildActionMask = 2147483647;
			files = (
			);
			inputFileListPaths = (
				"${PODS_ROOT}/Target Support Files/Pods-ProjetMiseNiveauIOS/Pods-ProjetMiseNiveauIOS-frameworks-${CONFIGURATION}-input-files.xcfilelist",
			);
			name = "[CP] Embed Pods Frameworks";
			outputFileListPaths = (
				"${PODS_ROOT}/Target Support Files/Pods-ProjetMiseNiveauIOS/Pods-ProjetMiseNiveauIOS-frameworks-${CONFIGURATION}-output-files.xcfilelist",
			);
			runOnlyForDeploymentPostprocessing = 0;
			shellPath = /bin/sh;
			shellScript = "\"${PODS_ROOT}/Target Support Files/Pods-ProjetMiseNiveauIOS/Pods-ProjetMiseNiveauIOS-frameworks.sh\"\n";
			showEnvVarsInLog = 0;
		};
		729528BF7BA565EC3603E6B6 /* [CP] Check Pods Manifest.lock */ = {
			isa = PBXShellScriptBuildPhase;
			buildActionMask = 2147483647;
			files = (
			);
			inputFileListPaths = (
			);
			inputPaths = (
				"${PODS_PODFILE_DIR_PATH}/Podfile.lock",
				"${PODS_ROOT}/Manifest.lock",
			);
			name = "[CP] Check Pods Manifest.lock";
			outputFileListPaths = (
			);
			outputPaths = (
				"$(DERIVED_FILE_DIR)/Pods-ProjetMiseNiveauIOS-checkManifestLockResult.txt",
			);
			runOnlyForDeploymentPostprocessing = 0;
			shellPath = /bin/sh;
			shellScript = "diff \"${PODS_PODFILE_DIR_PATH}/Podfile.lock\" \"${PODS_ROOT}/Manifest.lock\" > /dev/null\nif [ $? != 0 ] ; then\n    # print error to STDERR\n    echo \"error: The sandbox is not in sync with the Podfile.lock. Run 'pod install' or update your CocoaPods installation.\" >&2\n    exit 1\nfi\n# This output is used by Xcode 'outputs' to avoid re-running this script phase.\necho \"SUCCESS\" > \"${SCRIPT_OUTPUT_FILE_0}\"\n";
			showEnvVarsInLog = 0;
		};
/* End PBXShellScriptBuildPhase section */

/* Begin PBXSourcesBuildPhase section */
		4C620EFD23238D65002A4588 /* Sources */ = {
			isa = PBXSourcesBuildPhase;
			buildActionMask = 2147483647;
			files = (
				4C620F342323920B002A4588 /* FourthViewController.swift in Sources */,
				4C620F2C232391BB002A4588 /* SecondViewController.swift in Sources */,
				4C620F30232391E3002A4588 /* ThirdViewController.swift in Sources */,
				4C620F0523238D65002A4588 /* AppDelegate.swift in Sources */,
				4C620F1823238DA0002A4588 /* HomeViewController.swift in Sources */,
				0EC0423E2325834400506F14 /* Headers.swift in Sources */,
				0EC042412325905800506F14 /* FeedViewController.swift in Sources */,
				0EC042452325938100506F14 /* RecipeTableViewCell.swift in Sources */,
			);
			runOnlyForDeploymentPostprocessing = 0;
		};
/* End PBXSourcesBuildPhase section */

/* Begin PBXVariantGroup section */
		4C620F0D23238D70002A4588 /* LaunchScreen.storyboard */ = {
			isa = PBXVariantGroup;
			children = (
				4C620F0E23238D70002A4588 /* Base */,
				4C620F1F23238F75002A4588 /* fr */,
			);
			name = LaunchScreen.storyboard;
			sourceTree = "<group>";
		};
		4C620F1E23238F59002A4588 /* Localizable.strings */ = {
			isa = PBXVariantGroup;
			children = (
				4C620F1D23238F59002A4588 /* en */,
				4C620F2023238F75002A4588 /* fr */,
			);
			name = Localizable.strings;
			sourceTree = "<group>";
		};
/* End PBXVariantGroup section */

/* Begin XCBuildConfiguration section */
		4C620F1123238D70002A4588 /* Debug */ = {
			isa = XCBuildConfiguration;
			buildSettings = {
				ALWAYS_SEARCH_USER_PATHS = NO;
				CLANG_ANALYZER_LOCALIZABILITY_NONLOCALIZED = YES;
				CLANG_ANALYZER_NONNULL = YES;
				CLANG_ANALYZER_NUMBER_OBJECT_CONVERSION = YES_AGGRESSIVE;
				CLANG_CXX_LANGUAGE_STANDARD = "gnu++14";
				CLANG_CXX_LIBRARY = "libc++";
				CLANG_ENABLE_MODULES = YES;
				CLANG_ENABLE_OBJC_ARC = YES;
				CLANG_ENABLE_OBJC_WEAK = YES;
				CLANG_WARN_BLOCK_CAPTURE_AUTORELEASING = YES;
				CLANG_WARN_BOOL_CONVERSION = YES;
				CLANG_WARN_COMMA = YES;
				CLANG_WARN_CONSTANT_CONVERSION = YES;
				CLANG_WARN_DEPRECATED_OBJC_IMPLEMENTATIONS = YES;
				CLANG_WARN_DIRECT_OBJC_ISA_USAGE = YES_ERROR;
				CLANG_WARN_DOCUMENTATION_COMMENTS = YES;
				CLANG_WARN_EMPTY_BODY = YES;
				CLANG_WARN_ENUM_CONVERSION = YES;
				CLANG_WARN_INFINITE_RECURSION = YES;
				CLANG_WARN_INT_CONVERSION = YES;
				CLANG_WARN_NON_LITERAL_NULL_CONVERSION = YES;
				CLANG_WARN_OBJC_IMPLICIT_RETAIN_SELF = YES;
				CLANG_WARN_OBJC_LITERAL_CONVERSION = YES;
				CLANG_WARN_OBJC_ROOT_CLASS = YES_ERROR;
				CLANG_WARN_RANGE_LOOP_ANALYSIS = YES;
				CLANG_WARN_STRICT_PROTOTYPES = YES;
				CLANG_WARN_SUSPICIOUS_MOVE = YES;
				CLANG_WARN_UNGUARDED_AVAILABILITY = YES_AGGRESSIVE;
				CLANG_WARN_UNREACHABLE_CODE = YES;
				CLANG_WARN__DUPLICATE_METHOD_MATCH = YES;
				CODE_SIGN_IDENTITY = "iPhone Developer";
				COPY_PHASE_STRIP = NO;
				DEBUG_INFORMATION_FORMAT = dwarf;
				ENABLE_STRICT_OBJC_MSGSEND = YES;
				ENABLE_TESTABILITY = YES;
				GCC_C_LANGUAGE_STANDARD = gnu11;
				GCC_DYNAMIC_NO_PIC = NO;
				GCC_NO_COMMON_BLOCKS = YES;
				GCC_OPTIMIZATION_LEVEL = 0;
				GCC_PREPROCESSOR_DEFINITIONS = (
					"DEBUG=1",
					"$(inherited)",
				);
				GCC_WARN_64_TO_32_BIT_CONVERSION = YES;
				GCC_WARN_ABOUT_RETURN_TYPE = YES_ERROR;
				GCC_WARN_UNDECLARED_SELECTOR = YES;
				GCC_WARN_UNINITIALIZED_AUTOS = YES_AGGRESSIVE;
				GCC_WARN_UNUSED_FUNCTION = YES;
				GCC_WARN_UNUSED_VARIABLE = YES;
				IPHONEOS_DEPLOYMENT_TARGET = 12.4;
				MTL_ENABLE_DEBUG_INFO = INCLUDE_SOURCE;
				MTL_FAST_MATH = YES;
				ONLY_ACTIVE_ARCH = YES;
				SDKROOT = iphoneos;
				SWIFT_ACTIVE_COMPILATION_CONDITIONS = DEBUG;
				SWIFT_OPTIMIZATION_LEVEL = "-Onone";
			};
			name = Debug;
		};
		4C620F1223238D70002A4588 /* Release */ = {
			isa = XCBuildConfiguration;
			buildSettings = {
				ALWAYS_SEARCH_USER_PATHS = NO;
				CLANG_ANALYZER_LOCALIZABILITY_NONLOCALIZED = YES;
				CLANG_ANALYZER_NONNULL = YES;
				CLANG_ANALYZER_NUMBER_OBJECT_CONVERSION = YES_AGGRESSIVE;
				CLANG_CXX_LANGUAGE_STANDARD = "gnu++14";
				CLANG_CXX_LIBRARY = "libc++";
				CLANG_ENABLE_MODULES = YES;
				CLANG_ENABLE_OBJC_ARC = YES;
				CLANG_ENABLE_OBJC_WEAK = YES;
				CLANG_WARN_BLOCK_CAPTURE_AUTORELEASING = YES;
				CLANG_WARN_BOOL_CONVERSION = YES;
				CLANG_WARN_COMMA = YES;
				CLANG_WARN_CONSTANT_CONVERSION = YES;
				CLANG_WARN_DEPRECATED_OBJC_IMPLEMENTATIONS = YES;
				CLANG_WARN_DIRECT_OBJC_ISA_USAGE = YES_ERROR;
				CLANG_WARN_DOCUMENTATION_COMMENTS = YES;
				CLANG_WARN_EMPTY_BODY = YES;
				CLANG_WARN_ENUM_CONVERSION = YES;
				CLANG_WARN_INFINITE_RECURSION = YES;
				CLANG_WARN_INT_CONVERSION = YES;
				CLANG_WARN_NON_LITERAL_NULL_CONVERSION = YES;
				CLANG_WARN_OBJC_IMPLICIT_RETAIN_SELF = YES;
				CLANG_WARN_OBJC_LITERAL_CONVERSION = YES;
				CLANG_WARN_OBJC_ROOT_CLASS = YES_ERROR;
				CLANG_WARN_RANGE_LOOP_ANALYSIS = YES;
				CLANG_WARN_STRICT_PROTOTYPES = YES;
				CLANG_WARN_SUSPICIOUS_MOVE = YES;
				CLANG_WARN_UNGUARDED_AVAILABILITY = YES_AGGRESSIVE;
				CLANG_WARN_UNREACHABLE_CODE = YES;
				CLANG_WARN__DUPLICATE_METHOD_MATCH = YES;
				CODE_SIGN_IDENTITY = "iPhone Developer";
				COPY_PHASE_STRIP = NO;
				DEBUG_INFORMATION_FORMAT = "dwarf-with-dsym";
				ENABLE_NS_ASSERTIONS = NO;
				ENABLE_STRICT_OBJC_MSGSEND = YES;
				GCC_C_LANGUAGE_STANDARD = gnu11;
				GCC_NO_COMMON_BLOCKS = YES;
				GCC_WARN_64_TO_32_BIT_CONVERSION = YES;
				GCC_WARN_ABOUT_RETURN_TYPE = YES_ERROR;
				GCC_WARN_UNDECLARED_SELECTOR = YES;
				GCC_WARN_UNINITIALIZED_AUTOS = YES_AGGRESSIVE;
				GCC_WARN_UNUSED_FUNCTION = YES;
				GCC_WARN_UNUSED_VARIABLE = YES;
				IPHONEOS_DEPLOYMENT_TARGET = 12.4;
				MTL_ENABLE_DEBUG_INFO = NO;
				MTL_FAST_MATH = YES;
				SDKROOT = iphoneos;
				SWIFT_COMPILATION_MODE = wholemodule;
				SWIFT_OPTIMIZATION_LEVEL = "-O";
				VALIDATE_PRODUCT = YES;
			};
			name = Release;
		};
		4C620F1423238D70002A4588 /* Debug */ = {
			isa = XCBuildConfiguration;
			baseConfigurationReference = 03DD186F775B33CEB920918A /* Pods-ProjetMiseNiveauIOS.debug.xcconfig */;
			buildSettings = {
				ASSETCATALOG_COMPILER_APPICON_NAME = AppIcon;
				CODE_SIGN_STYLE = Automatic;
				INFOPLIST_FILE = ProjetMiseNiveauIOS/Info.plist;
				LD_RUNPATH_SEARCH_PATHS = (
					"$(inherited)",
					"@executable_path/Frameworks",
				);
				PRODUCT_BUNDLE_IDENTIFIER = com.ESGI.ProjetMiseNiveauIOS;
				PRODUCT_NAME = "$(TARGET_NAME)";
				SWIFT_VERSION = 5.0;
				TARGETED_DEVICE_FAMILY = "1,2";
			};
			name = Debug;
		};
		4C620F1523238D70002A4588 /* Release */ = {
			isa = XCBuildConfiguration;
			baseConfigurationReference = 8A9D887AED597F7E44DE8021 /* Pods-ProjetMiseNiveauIOS.release.xcconfig */;
			buildSettings = {
				ASSETCATALOG_COMPILER_APPICON_NAME = AppIcon;
				CODE_SIGN_STYLE = Automatic;
				INFOPLIST_FILE = ProjetMiseNiveauIOS/Info.plist;
				LD_RUNPATH_SEARCH_PATHS = (
					"$(inherited)",
					"@executable_path/Frameworks",
				);
				PRODUCT_BUNDLE_IDENTIFIER = com.ESGI.ProjetMiseNiveauIOS;
				PRODUCT_NAME = "$(TARGET_NAME)";
				SWIFT_VERSION = 5.0;
				TARGETED_DEVICE_FAMILY = "1,2";
			};
			name = Release;
		};
/* End XCBuildConfiguration section */

/* Begin XCConfigurationList section */
		4C620EFC23238D65002A4588 /* Build configuration list for PBXProject "ProjetMiseNiveauIOS" */ = {
			isa = XCConfigurationList;
			buildConfigurations = (
				4C620F1123238D70002A4588 /* Debug */,
				4C620F1223238D70002A4588 /* Release */,
			);
			defaultConfigurationIsVisible = 0;
			defaultConfigurationName = Release;
		};
		4C620F1323238D70002A4588 /* Build configuration list for PBXNativeTarget "ProjetMiseNiveauIOS" */ = {
			isa = XCConfigurationList;
			buildConfigurations = (
				4C620F1423238D70002A4588 /* Debug */,
				4C620F1523238D70002A4588 /* Release */,
			);
			defaultConfigurationIsVisible = 0;
			defaultConfigurationName = Release;
		};
/* End XCConfigurationList section */
	};
	rootObject = 4C620EF923238D65002A4588 /* Project object */;
}
